{
  "name": "local-node-example",
  "version": "1.0.0",
  "lockfileVersion": 1,
  "requires": true,
  "dependencies": {
    "advanced-logger": {
      "version": "1.0.5",
      "resolved": "https://registry.npmjs.org/advanced-logger/-/advanced-logger-1.0.5.tgz",
      "integrity": "sha512-X6Ez75DJlLQqSVLWqIqLVqTjdl1X/JA+okIS+pRmAHQNmHSLERDGJUM54SLycLPiZR8YfHdCLdEMS9Sx4Ts90Q==",
      "requires": {
        "lodash": "4.17.10"
      }
    },
    "lodash": {
      "version": "4.17.10",
      "resolved": "https://registry.npmjs.org/lodash/-/lodash-4.17.10.tgz",
      "integrity": "sha512-UejweD1pDoXu+AD825lWwp4ZGtSwgnpZxb3JDViD7StjQz+Nb/6l093lx4OQ0foGWNRoc19mWy7BzL+UAK2iVg=="
    }
  }
}
