{
  "name": "local-node-example",
  "version": "1.0.0",
  "lockfileVersion": 1,
  "requires": true,
  "dependencies": {
    "advanced-logger": {
      "version": "1.0.3",
      "resolved": "https://registry.npmjs.org/advanced-logger/-/advanced-logger-1.0.3.tgz",
      "integrity": "sha512-Hyk2YAmKskOqfUSwl3xQ1WmjTecMcqY9DKD6UC+li0V+PR0QtRbrRH7A92vSLH9UfJ95BcqtJAsDqGEDKUG1Sg==",
      "requires": {
        "lodash": "4.17.10"
      }
    },
    "lodash": {
      "version": "4.17.10",
      "resolved": "https://registry.npmjs.org/lodash/-/lodash-4.17.10.tgz",
      "integrity": "sha512-UejweD1pDoXu+AD825lWwp4ZGtSwgnpZxb3JDViD7StjQz+Nb/6l093lx4OQ0foGWNRoc19mWy7BzL+UAK2iVg=="
    }
  }
}
