{
  "name": "local-node-example",
  "version": "1.0.0",
  "lockfileVersion": 1,
  "requires": true,
  "dependencies": {
    "advanced-logger": {
      "version": "1.0.3",
      "resolved": "https://registry.npmjs.org/advanced-logger/-/advanced-logger-1.0.3.tgz",
      "integrity": "sha512-Hyk2YAmKskOqfUSwl3xQ1WmjTecMcqY9DKD6UC+li0V+PR0QtRbrRH7A92vSLH9UfJ95BcqtJAsDqGEDKUG1Sg==",
      "requires": {
        "lodash": "4.17.5"
      }
    },
    "lodash": {
      "version": "4.17.5",
      "resolved": "https://registry.npmjs.org/lodash/-/lodash-4.17.5.tgz",
      "integrity": "sha512-svL3uiZf1RwhH+cWrfZn3A4+U58wbP0tGVTLQPbjplZxZ8ROD9VLuNgsRniTlLe7OlSqR79RUehXgpBW/s0IQw=="
    }
  }
}
